
Microsoft Visual Studio Solution File, Format Version 12.00
Project("{FAE04EC0-301F-11D3-BF4B-00C04F79EFBC}") = "DesktopApp", "src\DesktopApp\DesktopApp.csproj", "{D59CCFC3-10D8-4658-8A7E-D3F0FB1D2990}"
EndProject
Project("{FAE04EC0-301F-11D3-BF4B-00C04F79EFBC}") = "DesktopApp.XamMac", "src\DesktopApp.XamMac\DesktopApp.XamMac.csproj", "{3CF4905F-CEC4-43A8-AE39-E4C1D0D1AC5E}"
EndProject
Project("{FAE04EC0-301F-11D3-BF4B-00C04F79EFBC}") = "DesktopApp.Wpf", "src\DesktopApp.Wpf\DesktopApp.Wpf.csproj", "{2A86CAD5-0361-4608-87F5-30E40AE77FB8}"
EndProject
Project("{FAE04EC0-301F-11D3-BF4B-00C04F79EFBC}") = "DesktopApp.Gtk", "src\DesktopApp.Gtk\DesktopApp.Gtk.csproj", "{B63BADBC-1DEF-442B-B20E-765CB4A1E3B7}"
EndProject
Project("{FAE04EC0-301F-11D3-BF4B-00C04F79EFBC}") = "DesktopApp.Mac", "src\DesktopApp.Mac\DesktopApp.Mac.csproj", "{AA298458-EE54-4691-A151-705371049FA8}"
EndProject
Global
	GlobalSection(SolutionConfigurationPlatforms) = preSolution
		Debug|Any CPU = Debug|Any CPU
		Release|Any CPU = Release|Any CPU
	EndGlobalSection
	GlobalSection(ProjectConfigurationPlatforms) = postSolution
		{D59CCFC3-10D8-4658-8A7E-D3F0FB1D2990}.Debug|Any CPU.ActiveCfg = Debug|Any CPU
		{D59CCFC3-10D8-4658-8A7E-D3F0FB1D2990}.Debug|Any CPU.Build.0 = Debug|Any CPU
		{D59CCFC3-10D8-4658-8A7E-D3F0FB1D2990}.Release|Any CPU.ActiveCfg = Release|Any CPU
		{D59CCFC3-10D8-4658-8A7E-D3F0FB1D2990}.Release|Any CPU.Build.0 = Release|Any CPU
		{3CF4905F-CEC4-43A8-AE39-E4C1D0D1AC5E}.Debug|Any CPU.ActiveCfg = Debug|Any CPU
		{3CF4905F-CEC4-43A8-AE39-E4C1D0D1AC5E}.Debug|Any CPU.Build.0 = Debug|Any CPU
		{3CF4905F-CEC4-43A8-AE39-E4C1D0D1AC5E}.Release|Any CPU.ActiveCfg = Release|Any CPU
		{3CF4905F-CEC4-43A8-AE39-E4C1D0D1AC5E}.Release|Any CPU.Build.0 = Release|Any CPU
		{2A86CAD5-0361-4608-87F5-30E40AE77FB8}.Debug|Any CPU.ActiveCfg = Debug|Any CPU
		{2A86CAD5-0361-4608-87F5-30E40AE77FB8}.Debug|Any CPU.Build.0 = Debug|Any CPU
		{2A86CAD5-0361-4608-87F5-30E40AE77FB8}.Release|Any CPU.ActiveCfg = Release|Any CPU
		{2A86CAD5-0361-4608-87F5-30E40AE77FB8}.Release|Any CPU.Build.0 = Release|Any CPU
		{B63BADBC-1DEF-442B-B20E-765CB4A1E3B7}.Debug|Any CPU.ActiveCfg = Debug|Any CPU
		{B63BADBC-1DEF-442B-B20E-765CB4A1E3B7}.Debug|Any CPU.Build.0 = Debug|Any CPU
		{B63BADBC-1DEF-442B-B20E-765CB4A1E3B7}.Release|Any CPU.ActiveCfg = Release|Any CPU
		{B63BADBC-1DEF-442B-B20E-765CB4A1E3B7}.Release|Any CPU.Build.0 = Release|Any CPU
		{AA298458-EE54-4691-A151-705371049FA8}.Debug|Any CPU.ActiveCfg = Debug|Any CPU
		{AA298458-EE54-4691-A151-705371049FA8}.Debug|Any CPU.Build.0 = Debug|Any CPU
		{AA298458-EE54-4691-A151-705371049FA8}.Release|Any CPU.ActiveCfg = Release|Any CPU
		{AA298458-EE54-4691-A151-705371049FA8}.Release|Any CPU.Build.0 = Release|Any CPU
	EndGlobalSection
EndGlobal
